// !$*UTF8*$!
{
	archiveVersion = 1;
	classes = {
	};
	objectVersion = 56;
	objects = {

/* Begin PBXBuildFile section */
		1445483B2B56174E00C10D76 /* AppDelegate.swift in Sources */ = {isa = PBXBuildFile; fileRef = 1445483A2B56174E00C10D76 /* AppDelegate.swift */; };
		1445483D2B56174E00C10D76 /* SceneDelegate.swift in Sources */ = {isa = PBXBuildFile; fileRef = 1445483C2B56174E00C10D76 /* SceneDelegate.swift */; };
		1445483F2B56174E00C10D76 /* ViewController.swift in Sources */ = {isa = PBXBuildFile; fileRef = 1445483E2B56174E00C10D76 /* ViewController.swift */; };
		144548442B56175000C10D76 /* Assets.xcassets in Resources */ = {isa = PBXBuildFile; fileRef = 144548432B56175000C10D76 /* Assets.xcassets */; };
		144548472B56175000C10D76 /* LaunchScreen.storyboard in Resources */ = {isa = PBXBuildFile; fileRef = 144548452B56175000C10D76 /* LaunchScreen.storyboard */; };
		1445484F2B56196E00C10D76 /* Model.swift in Sources */ = {isa = PBXBuildFile; fileRef = 1445484E2B56196E00C10D76 /* Model.swift */; };
		6FA1242834AC17986F70D52B /* Pods_NBCSuper8oard.framework in Frameworks */ = {isa = PBXBuildFile; fileRef = 915177524B569384758A2A53 /* Pods_NBCSuper8oard.framework */; };
		E079C8742B565C90001B35B5 /* MyPageViewController.swift in Sources */ = {isa = PBXBuildFile; fileRef = E079C8732B565C90001B35B5 /* MyPageViewController.swift */; };
		E079C8762B568E2B001B35B5 /* MyPage.storyboard in Resources */ = {isa = PBXBuildFile; fileRef = E079C8752B568E2B001B35B5 /* MyPage.storyboard */; };
/* End PBXBuildFile section */

/* Begin PBXFileReference section */
		0AC8C6B7368EFE0C34AA9D75 /* Pods-NBCSuper8oard.release.xcconfig */ = {isa = PBXFileReference; includeInIndex = 1; lastKnownFileType = text.xcconfig; name = "Pods-NBCSuper8oard.release.xcconfig"; path = "Target Support Files/Pods-NBCSuper8oard/Pods-NBCSuper8oard.release.xcconfig"; sourceTree = "<group>"; };
		144548372B56174E00C10D76 /* NBCSuper8oard.app */ = {isa = PBXFileReference; explicitFileType = wrapper.application; includeInIndex = 0; path = NBCSuper8oard.app; sourceTree = BUILT_PRODUCTS_DIR; };
		1445483A2B56174E00C10D76 /* AppDelegate.swift */ = {isa = PBXFileReference; lastKnownFileType = sourcecode.swift; path = AppDelegate.swift; sourceTree = "<group>"; };
		1445483C2B56174E00C10D76 /* SceneDelegate.swift */ = {isa = PBXFileReference; lastKnownFileType = sourcecode.swift; path = SceneDelegate.swift; sourceTree = "<group>"; };
		1445483E2B56174E00C10D76 /* ViewController.swift */ = {isa = PBXFileReference; lastKnownFileType = sourcecode.swift; path = ViewController.swift; sourceTree = "<group>"; };
		144548432B56175000C10D76 /* Assets.xcassets */ = {isa = PBXFileReference; lastKnownFileType = folder.assetcatalog; path = Assets.xcassets; sourceTree = "<group>"; };
		144548462B56175000C10D76 /* Base */ = {isa = PBXFileReference; lastKnownFileType = file.storyboard; name = Base; path = Base.lproj/LaunchScreen.storyboard; sourceTree = "<group>"; };
		144548482B56175000C10D76 /* Info.plist */ = {isa = PBXFileReference; lastKnownFileType = text.plist.xml; path = Info.plist; sourceTree = "<group>"; };
		1445484E2B56196E00C10D76 /* Model.swift */ = {isa = PBXFileReference; lastKnownFileType = sourcecode.swift; path = Model.swift; sourceTree = "<group>"; };
		418F74FA6E3019E50878427C /* Pods-NBCSuper8oard.debug.xcconfig */ = {isa = PBXFileReference; includeInIndex = 1; lastKnownFileType = text.xcconfig; name = "Pods-NBCSuper8oard.debug.xcconfig"; path = "Target Support Files/Pods-NBCSuper8oard/Pods-NBCSuper8oard.debug.xcconfig"; sourceTree = "<group>"; };
		915177524B569384758A2A53 /* Pods_NBCSuper8oard.framework */ = {isa = PBXFileReference; explicitFileType = wrapper.framework; includeInIndex = 0; path = Pods_NBCSuper8oard.framework; sourceTree = BUILT_PRODUCTS_DIR; };
		E079C8732B565C90001B35B5 /* MyPageViewController.swift */ = {isa = PBXFileReference; lastKnownFileType = sourcecode.swift; path = MyPageViewController.swift; sourceTree = "<group>"; };
		E079C8752B568E2B001B35B5 /* MyPage.storyboard */ = {isa = PBXFileReference; lastKnownFileType = file.storyboard; path = MyPage.storyboard; sourceTree = "<group>"; };
/* End PBXFileReference section */

/* Begin PBXFrameworksBuildPhase section */
		144548342B56174E00C10D76 /* Frameworks */ = {
			isa = PBXFrameworksBuildPhase;
			buildActionMask = 2147483647;
			files = (
				6FA1242834AC17986F70D52B /* Pods_NBCSuper8oard.framework in Frameworks */,
			);
			runOnlyForDeploymentPostprocessing = 0;
		};
/* End PBXFrameworksBuildPhase section */

/* Begin PBXGroup section */
		1445482E2B56174E00C10D76 = {
			isa = PBXGroup;
			children = (
				144548392B56174E00C10D76 /* NBCSuper8oard */,
				144548382B56174E00C10D76 /* Products */,
				33A95CD49AF3440A70B359AA /* Pods */,
				2A1639765108F49BC055ED8E /* Frameworks */,
			);
			sourceTree = "<group>";
		};
		144548382B56174E00C10D76 /* Products */ = {
			isa = PBXGroup;
			children = (
				144548372B56174E00C10D76 /* NBCSuper8oard.app */,
			);
			name = Products;
			sourceTree = "<group>";
		};
		144548392B56174E00C10D76 /* NBCSuper8oard */ = {
			isa = PBXGroup;
			children = (
				E079C8722B565C73001B35B5 /* View */,
				E079C8712B565C6B001B35B5 /* Controller */,
				144548502B56197B00C10D76 /* Model */,
				1445483A2B56174E00C10D76 /* AppDelegate.swift */,
				1445483C2B56174E00C10D76 /* SceneDelegate.swift */,
				1445483E2B56174E00C10D76 /* ViewController.swift */,
				144548432B56175000C10D76 /* Assets.xcassets */,
				144548452B56175000C10D76 /* LaunchScreen.storyboard */,
				144548482B56175000C10D76 /* Info.plist */,
			);
			path = NBCSuper8oard;
			sourceTree = "<group>";
		};
		144548502B56197B00C10D76 /* Model */ = {
			isa = PBXGroup;
			children = (
				1445484E2B56196E00C10D76 /* Model.swift */,
			);
			path = Model;
			sourceTree = "<group>";
		};
		2A1639765108F49BC055ED8E /* Frameworks */ = {
			isa = PBXGroup;
			children = (
				915177524B569384758A2A53 /* Pods_NBCSuper8oard.framework */,
			);
			name = Frameworks;
			sourceTree = "<group>";
		};
		33A95CD49AF3440A70B359AA /* Pods */ = {
			isa = PBXGroup;
			children = (
				418F74FA6E3019E50878427C /* Pods-NBCSuper8oard.debug.xcconfig */,
				0AC8C6B7368EFE0C34AA9D75 /* Pods-NBCSuper8oard.release.xcconfig */,
			);
			path = Pods;
			sourceTree = "<group>";
		};
		E079C8712B565C6B001B35B5 /* Controller */ = {
			isa = PBXGroup;
			children = (
				E079C8732B565C90001B35B5 /* MyPageViewController.swift */,
				E079C8752B568E2B001B35B5 /* MyPage.storyboard */,
			);
			path = Controller;
			sourceTree = "<group>";
		};
		E079C8722B565C73001B35B5 /* View */ = {
			isa = PBXGroup;
			children = (
			);
			path = View;
			sourceTree = "<group>";
		};
/* End PBXGroup section */

/* Begin PBXNativeTarget section */
		144548362B56174E00C10D76 /* NBCSuper8oard */ = {
			isa = PBXNativeTarget;
			buildConfigurationList = 1445484B2B56175000C10D76 /* Build configuration list for PBXNativeTarget "NBCSuper8oard" */;
			buildPhases = (
				3C521AA0899AB6C0321A7944 /* [CP] Check Pods Manifest.lock */,
				144548332B56174E00C10D76 /* Sources */,
				144548342B56174E00C10D76 /* Frameworks */,
				144548352B56174E00C10D76 /* Resources */,
				76C00247BC31BD38D0145C64 /* [CP] Embed Pods Frameworks */,
			);
			buildRules = (
			);
			dependencies = (
			);
			name = NBCSuper8oard;
			productName = NBCSuper8oard;
			productReference = 144548372B56174E00C10D76 /* NBCSuper8oard.app */;
			productType = "com.apple.product-type.application";
		};
/* End PBXNativeTarget section */

/* Begin PBXProject section */
		1445482F2B56174E00C10D76 /* Project object */ = {
			isa = PBXProject;
			attributes = {
				BuildIndependentTargetsInParallel = 1;
				LastSwiftUpdateCheck = 1520;
				LastUpgradeCheck = 1520;
				TargetAttributes = {
					144548362B56174E00C10D76 = {
						CreatedOnToolsVersion = 15.2;
					};
				};
			};
			buildConfigurationList = 144548322B56174E00C10D76 /* Build configuration list for PBXProject "NBCSuper8oard" */;
			compatibilityVersion = "Xcode 14.0";
			developmentRegion = en;
			hasScannedForEncodings = 0;
			knownRegions = (
				en,
				Base,
			);
			mainGroup = 1445482E2B56174E00C10D76;
			productRefGroup = 144548382B56174E00C10D76 /* Products */;
			projectDirPath = "";
			projectRoot = "";
			targets = (
				144548362B56174E00C10D76 /* NBCSuper8oard */,
			);
		};
/* End PBXProject section */

/* Begin PBXResourcesBuildPhase section */
		144548352B56174E00C10D76 /* Resources */ = {
			isa = PBXResourcesBuildPhase;
			buildActionMask = 2147483647;
			files = (
				144548472B56175000C10D76 /* LaunchScreen.storyboard in Resources */,
				E079C8762B568E2B001B35B5 /* MyPage.storyboard in Resources */,
				144548442B56175000C10D76 /* Assets.xcassets in Resources */,
			);
			runOnlyForDeploymentPostprocessing = 0;
		};
/* End PBXResourcesBuildPhase section */

/* Begin PBXShellScriptBuildPhase section */
		3C521AA0899AB6C0321A7944 /* [CP] Check Pods Manifest.lock */ = {
			isa = PBXShellScriptBuildPhase;
			buildActionMask = 2147483647;
			files = (
			);
			inputFileListPaths = (
			);
			inputPaths = (
				"${PODS_PODFILE_DIR_PATH}/Podfile.lock",
				"${PODS_ROOT}/Manifest.lock",
			);
			name = "[CP] Check Pods Manifest.lock";
			outputFileListPaths = (
			);
			outputPaths = (
				"$(DERIVED_FILE_DIR)/Pods-NBCSuper8oard-checkManifestLockResult.txt",
			);
			runOnlyForDeploymentPostprocessing = 0;
			shellPath = /bin/sh;
			shellScript = "diff \"${PODS_PODFILE_DIR_PATH}/Podfile.lock\" \"${PODS_ROOT}/Manifest.lock\" > /dev/null\nif [ $? != 0 ] ; then\n    # print error to STDERR\n    echo \"error: The sandbox is not in sync with the Podfile.lock. Run 'pod install' or update your CocoaPods installation.\" >&2\n    exit 1\nfi\n# This output is used by Xcode 'outputs' to avoid re-running this script phase.\necho \"SUCCESS\" > \"${SCRIPT_OUTPUT_FILE_0}\"\n";
			showEnvVarsInLog = 0;
		};
		76C00247BC31BD38D0145C64 /* [CP] Embed Pods Frameworks */ = {
			isa = PBXShellScriptBuildPhase;
			buildActionMask = 2147483647;
			files = (
			);
			inputFileListPaths = (
				"${PODS_ROOT}/Target Support Files/Pods-NBCSuper8oard/Pods-NBCSuper8oard-frameworks-${CONFIGURATION}-input-files.xcfilelist",
			);
			name = "[CP] Embed Pods Frameworks";
			outputFileListPaths = (
				"${PODS_ROOT}/Target Support Files/Pods-NBCSuper8oard/Pods-NBCSuper8oard-frameworks-${CONFIGURATION}-output-files.xcfilelist",
			);
			runOnlyForDeploymentPostprocessing = 0;
			shellPath = /bin/sh;
			shellScript = "\"${PODS_ROOT}/Target Support Files/Pods-NBCSuper8oard/Pods-NBCSuper8oard-frameworks.sh\"\n";
			showEnvVarsInLog = 0;
		};
/* End PBXShellScriptBuildPhase section */

/* Begin PBXSourcesBuildPhase section */
		144548332B56174E00C10D76 /* Sources */ = {
			isa = PBXSourcesBuildPhase;
			buildActionMask = 2147483647;
			files = (
				E079C8742B565C90001B35B5 /* MyPageViewController.swift in Sources */,
				1445483F2B56174E00C10D76 /* ViewController.swift in Sources */,
				1445483B2B56174E00C10D76 /* AppDelegate.swift in Sources */,
				1445483D2B56174E00C10D76 /* SceneDelegate.swift in Sources */,
				1445484F2B56196E00C10D76 /* Model.swift in Sources */,
			);
			runOnlyForDeploymentPostprocessing = 0;
		};
/* End PBXSourcesBuildPhase section */

/* Begin PBXVariantGroup section */
		144548452B56175000C10D76 /* LaunchScreen.storyboard */ = {
			isa = PBXVariantGroup;
			children = (
				144548462B56175000C10D76 /* Base */,
			);
			name = LaunchScreen.storyboard;
			sourceTree = "<group>";
		};
/* End PBXVariantGroup section */

/* Begin XCBuildConfiguration section */
		144548492B56175000C10D76 /* Debug */ = {
			isa = XCBuildConfiguration;
			buildSettings = {
				ALWAYS_SEARCH_USER_PATHS = NO;
				ASSETCATALOG_COMPILER_GENERATE_SWIFT_ASSET_SYMBOL_EXTENSIONS = YES;
				CLANG_ANALYZER_NONNULL = YES;
				CLANG_ANALYZER_NUMBER_OBJECT_CONVERSION = YES_AGGRESSIVE;
				CLANG_CXX_LANGUAGE_STANDARD = "gnu++20";
				CLANG_ENABLE_MODULES = YES;
				CLANG_ENABLE_OBJC_ARC = YES;
				CLANG_ENABLE_OBJC_WEAK = YES;
				CLANG_WARN_BLOCK_CAPTURE_AUTORELEASING = YES;
				CLANG_WARN_BOOL_CONVERSION = YES;
				CLANG_WARN_COMMA = YES;
				CLANG_WARN_CONSTANT_CONVERSION = YES;
				CLANG_WARN_DEPRECATED_OBJC_IMPLEMENTATIONS = YES;
				CLANG_WARN_DIRECT_OBJC_ISA_USAGE = YES_ERROR;
				CLANG_WARN_DOCUMENTATION_COMMENTS = YES;
				CLANG_WARN_EMPTY_BODY = YES;
				CLANG_WARN_ENUM_CONVERSION = YES;
				CLANG_WARN_INFINITE_RECURSION = YES;
				CLANG_WARN_INT_CONVERSION = YES;
				CLANG_WARN_NON_LITERAL_NULL_CONVERSION = YES;
				CLANG_WARN_OBJC_IMPLICIT_RETAIN_SELF = YES;
				CLANG_WARN_OBJC_LITERAL_CONVERSION = YES;
				CLANG_WARN_OBJC_ROOT_CLASS = YES_ERROR;
				CLANG_WARN_QUOTED_INCLUDE_IN_FRAMEWORK_HEADER = YES;
				CLANG_WARN_RANGE_LOOP_ANALYSIS = YES;
				CLANG_WARN_STRICT_PROTOTYPES = YES;
				CLANG_WARN_SUSPICIOUS_MOVE = YES;
				CLANG_WARN_UNGUARDED_AVAILABILITY = YES_AGGRESSIVE;
				CLANG_WARN_UNREACHABLE_CODE = YES;
				CLANG_WARN__DUPLICATE_METHOD_MATCH = YES;
				COPY_PHASE_STRIP = NO;
				DEBUG_INFORMATION_FORMAT = dwarf;
				ENABLE_STRICT_OBJC_MSGSEND = YES;
				ENABLE_TESTABILITY = YES;
				ENABLE_USER_SCRIPT_SANDBOXING = NO;
				GCC_C_LANGUAGE_STANDARD = gnu17;
				GCC_DYNAMIC_NO_PIC = NO;
				GCC_NO_COMMON_BLOCKS = YES;
				GCC_OPTIMIZATION_LEVEL = 0;
				GCC_PREPROCESSOR_DEFINITIONS = (
					"DEBUG=1",
					"$(inherited)",
				);
				GCC_WARN_64_TO_32_BIT_CONVERSION = YES;
				GCC_WARN_ABOUT_RETURN_TYPE = YES_ERROR;
				GCC_WARN_UNDECLARED_SELECTOR = YES;
				GCC_WARN_UNINITIALIZED_AUTOS = YES_AGGRESSIVE;
				GCC_WARN_UNUSED_FUNCTION = YES;
				GCC_WARN_UNUSED_VARIABLE = YES;
				IPHONEOS_DEPLOYMENT_TARGET = 17.2;
				LOCALIZATION_PREFERS_STRING_CATALOGS = YES;
				MTL_ENABLE_DEBUG_INFO = INCLUDE_SOURCE;
				MTL_FAST_MATH = YES;
				ONLY_ACTIVE_ARCH = YES;
				SDKROOT = iphoneos;
				SWIFT_ACTIVE_COMPILATION_CONDITIONS = "DEBUG $(inherited)";
				SWIFT_OPTIMIZATION_LEVEL = "-Onone";
			};
			name = Debug;
		};
		1445484A2B56175000C10D76 /* Release */ = {
			isa = XCBuildConfiguration;
			buildSettings = {
				ALWAYS_SEARCH_USER_PATHS = NO;
				ASSETCATALOG_COMPILER_GENERATE_SWIFT_ASSET_SYMBOL_EXTENSIONS = YES;
				CLANG_ANALYZER_NONNULL = YES;
				CLANG_ANALYZER_NUMBER_OBJECT_CONVERSION = YES_AGGRESSIVE;
				CLANG_CXX_LANGUAGE_STANDARD = "gnu++20";
				CLANG_ENABLE_MODULES = YES;
				CLANG_ENABLE_OBJC_ARC = YES;
				CLANG_ENABLE_OBJC_WEAK = YES;
				CLANG_WARN_BLOCK_CAPTURE_AUTORELEASING = YES;
				CLANG_WARN_BOOL_CONVERSION = YES;
				CLANG_WARN_COMMA = YES;
				CLANG_WARN_CONSTANT_CONVERSION = YES;
				CLANG_WARN_DEPRECATED_OBJC_IMPLEMENTATIONS = YES;
				CLANG_WARN_DIRECT_OBJC_ISA_USAGE = YES_ERROR;
				CLANG_WARN_DOCUMENTATION_COMMENTS = YES;
				CLANG_WARN_EMPTY_BODY = YES;
				CLANG_WARN_ENUM_CONVERSION = YES;
				CLANG_WARN_INFINITE_RECURSION = YES;
				CLANG_WARN_INT_CONVERSION = YES;
				CLANG_WARN_NON_LITERAL_NULL_CONVERSION = YES;
				CLANG_WARN_OBJC_IMPLICIT_RETAIN_SELF = YES;
				CLANG_WARN_OBJC_LITERAL_CONVERSION = YES;
				CLANG_WARN_OBJC_ROOT_CLASS = YES_ERROR;
				CLANG_WARN_QUOTED_INCLUDE_IN_FRAMEWORK_HEADER = YES;
				CLANG_WARN_RANGE_LOOP_ANALYSIS = YES;
				CLANG_WARN_STRICT_PROTOTYPES = YES;
				CLANG_WARN_SUSPICIOUS_MOVE = YES;
				CLANG_WARN_UNGUARDED_AVAILABILITY = YES_AGGRESSIVE;
				CLANG_WARN_UNREACHABLE_CODE = YES;
				CLANG_WARN__DUPLICATE_METHOD_MATCH = YES;
				COPY_PHASE_STRIP = NO;
				DEBUG_INFORMATION_FORMAT = "dwarf-with-dsym";
				ENABLE_NS_ASSERTIONS = NO;
				ENABLE_STRICT_OBJC_MSGSEND = YES;
				ENABLE_USER_SCRIPT_SANDBOXING = NO;
				GCC_C_LANGUAGE_STANDARD = gnu17;
				GCC_NO_COMMON_BLOCKS = YES;
				GCC_WARN_64_TO_32_BIT_CONVERSION = YES;
				GCC_WARN_ABOUT_RETURN_TYPE = YES_ERROR;
				GCC_WARN_UNDECLARED_SELECTOR = YES;
				GCC_WARN_UNINITIALIZED_AUTOS = YES_AGGRESSIVE;
				GCC_WARN_UNUSED_FUNCTION = YES;
				GCC_WARN_UNUSED_VARIABLE = YES;
				IPHONEOS_DEPLOYMENT_TARGET = 17.2;
				LOCALIZATION_PREFERS_STRING_CATALOGS = YES;
				MTL_ENABLE_DEBUG_INFO = NO;
				MTL_FAST_MATH = YES;
				SDKROOT = iphoneos;
				SWIFT_COMPILATION_MODE = wholemodule;
				VALIDATE_PRODUCT = YES;
			};
			name = Release;
		};
		1445484C2B56175000C10D76 /* Debug */ = {
			isa = XCBuildConfiguration;
			baseConfigurationReference = 418F74FA6E3019E50878427C /* Pods-NBCSuper8oard.debug.xcconfig */;
			buildSettings = {
				ASSETCATALOG_COMPILER_APPICON_NAME = AppIcon;
				ASSETCATALOG_COMPILER_GLOBAL_ACCENT_COLOR_NAME = AccentColor;
				CODE_SIGN_STYLE = Automatic;
				CURRENT_PROJECT_VERSION = 1;
				DEVELOPMENT_TEAM = DYMB4UT7G5;
				GENERATE_INFOPLIST_FILE = YES;
				INFOPLIST_FILE = NBCSuper8oard/Info.plist;
				INFOPLIST_KEY_UIApplicationSupportsIndirectInputEvents = YES;
				INFOPLIST_KEY_UILaunchStoryboardName = LaunchScreen;
				INFOPLIST_KEY_UISupportedInterfaceOrientations_iPad = "UIInterfaceOrientationPortrait UIInterfaceOrientationPortraitUpsideDown UIInterfaceOrientationLandscapeLeft UIInterfaceOrientationLandscapeRight";
				INFOPLIST_KEY_UISupportedInterfaceOrientations_iPhone = "UIInterfaceOrientationPortrait UIInterfaceOrientationLandscapeLeft UIInterfaceOrientationLandscapeRight";
				IPHONEOS_DEPLOYMENT_TARGET = 16.0;
				LD_RUNPATH_SEARCH_PATHS = (
					"$(inherited)",
					"@executable_path/Frameworks",
				);
				MARKETING_VERSION = 1.0;
				PRODUCT_BUNDLE_IDENTIFIER = com.Super8oard.NBCSuper8oard;
				PRODUCT_NAME = "$(TARGET_NAME)";
				SWIFT_EMIT_LOC_STRINGS = YES;
				SWIFT_VERSION = 5.0;
				TARGETED_DEVICE_FAMILY = "1,2";
			};
			name = Debug;
		};
		1445484D2B56175000C10D76 /* Release */ = {
			isa = XCBuildConfiguration;
			baseConfigurationReference = 0AC8C6B7368EFE0C34AA9D75 /* Pods-NBCSuper8oard.release.xcconfig */;
			buildSettings = {
				ASSETCATALOG_COMPILER_APPICON_NAME = AppIcon;
				ASSETCATALOG_COMPILER_GLOBAL_ACCENT_COLOR_NAME = AccentColor;
				CODE_SIGN_STYLE = Automatic;
				CURRENT_PROJECT_VERSION = 1;
				DEVELOPMENT_TEAM = DYMB4UT7G5;
				GENERATE_INFOPLIST_FILE = YES;
				INFOPLIST_FILE = NBCSuper8oard/Info.plist;
				INFOPLIST_KEY_UIApplicationSupportsIndirectInputEvents = YES;
				INFOPLIST_KEY_UILaunchStoryboardName = LaunchScreen;
				INFOPLIST_KEY_UISupportedInterfaceOrientations_iPad = "UIInterfaceOrientationPortrait UIInterfaceOrientationPortraitUpsideDown UIInterfaceOrientationLandscapeLeft UIInterfaceOrientationLandscapeRight";
				INFOPLIST_KEY_UISupportedInterfaceOrientations_iPhone = "UIInterfaceOrientationPortrait UIInterfaceOrientationLandscapeLeft UIInterfaceOrientationLandscapeRight";
				IPHONEOS_DEPLOYMENT_TARGET = 16.0;
				LD_RUNPATH_SEARCH_PATHS = (
					"$(inherited)",
					"@executable_path/Frameworks",
				);
				MARKETING_VERSION = 1.0;
				PRODUCT_BUNDLE_IDENTIFIER = com.Super8oard.NBCSuper8oard;
				PRODUCT_NAME = "$(TARGET_NAME)";
				SWIFT_EMIT_LOC_STRINGS = YES;
				SWIFT_VERSION = 5.0;
				TARGETED_DEVICE_FAMILY = "1,2";
			};
			name = Release;
		};
/* End XCBuildConfiguration section */

/* Begin XCConfigurationList section */
		144548322B56174E00C10D76 /* Build configuration list for PBXProject "NBCSuper8oard" */ = {
			isa = XCConfigurationList;
			buildConfigurations = (
				144548492B56175000C10D76 /* Debug */,
				1445484A2B56175000C10D76 /* Release */,
			);
			defaultConfigurationIsVisible = 0;
			defaultConfigurationName = Release;
		};
		1445484B2B56175000C10D76 /* Build configuration list for PBXNativeTarget "NBCSuper8oard" */ = {
			isa = XCConfigurationList;
			buildConfigurations = (
				1445484C2B56175000C10D76 /* Debug */,
				1445484D2B56175000C10D76 /* Release */,
			);
			defaultConfigurationIsVisible = 0;
			defaultConfigurationName = Release;
		};
/* End XCConfigurationList section */
	};
	rootObject = 1445482F2B56174E00C10D76 /* Project object */;
}
